
Microsoft Visual Studio Solution File, Format Version 12.00
# Visual Studio Version 16
VisualStudioVersion = 16.0.31624.102
MinimumVisualStudioVersion = 10.0.40219.1
Project("{FAE04EC0-301F-11D3-BF4B-00C04F79EFBC}") = "Lab_6.1", "Lab_6.1\Lab_6.1.csproj", "{B785D7EA-A33E-4F26-B746-ECC38E7528F7}"
EndProject
Global
	GlobalSection(SolutionConfigurationPlatforms) = preSolution
		Debug|Any CPU = Debug|Any CPU
		Release|Any CPU = Release|Any CPU
	EndGlobalSection
	GlobalSection(ProjectConfigurationPlatforms) = postSolution
		{B785D7EA-A33E-4F26-B746-ECC38E7528F7}.Debug|Any CPU.ActiveCfg = Debug|Any CPU
		{B785D7EA-A33E-4F26-B746-ECC38E7528F7}.Debug|Any CPU.Build.0 = Debug|Any CPU
		{B785D7EA-A33E-4F26-B746-ECC38E7528F7}.Release|Any CPU.ActiveCfg = Release|Any CPU
		{B785D7EA-A33E-4F26-B746-ECC38E7528F7}.Release|Any CPU.Build.0 = Release|Any CPU
	EndGlobalSection
	GlobalSection(SolutionProperties) = preSolution
		HideSolutionNode = FALSE
	EndGlobalSection
	GlobalSection(ExtensibilityGlobals) = postSolution
		SolutionGuid = {44FA659F-9DE3-4FBE-9610-F0B8CB3411DC}
	EndGlobalSection
EndGlobal
